
Microsoft Visual Studio Solution File, Format Version 12.00
# Visual Studio Version 16
VisualStudioVersion = 16.0.28803.202
MinimumVisualStudioVersion = 10.0.40219.1
Project("{8BC9CEB8-8B4A-11D0-8D11-00A0C91BC942}") = "TiledRenderTarget", "TiledRenderTarget\TiledRenderTarget.vcxproj", "{2D327C54-F29E-4916-8D1F-3E00CAFFC3A0}"
EndProject
Project("{8BC9CEB8-8B4A-11D0-8D11-00A0C91BC942}") = "AsyncCompute", "AsyncCompute\AsyncCompute.vcxproj", "{68A186B8-B819-4A9C-8682-6A35D067DA8C}"
EndProject
Project("{8BC9CEB8-8B4A-11D0-8D11-00A0C91BC942}") = "SamplePosition", "SamplePosition\SamplePosition.vcxproj", "{100EB08E-1CDB-49BA-BC26-5AB01F999857}"
EndProject
Project("{8BC9CEB8-8B4A-11D0-8D11-00A0C91BC942}") = "ShadowMap", "ShadowMap\ShadowMap.vcxproj", "{DBEC61ED-B7F3-4DBC-A448-EB844D674892}"
EndProject
Project("{8BC9CEB8-8B4A-11D0-8D11-00A0C91BC942}") = "BindlessResource", "BindlessResource\BindlessResource.vcxproj", "{42E13997-6EAF-497E-9169-0193EB28C88B}"
EndProject
Project("{8BC9CEB8-8B4A-11D0-8D11-00A0C91BC942}") = "ExistingHeap", "ExistingHeap\ExistingHeap.vcxproj", "{57BDBF27-C768-4984-8967-9940B3CAC29E}"
EndProject
Project("{8BC9CEB8-8B4A-11D0-8D11-00A0C91BC942}") = "RenderPass", "RenderPass\RenderPass.vcxproj", "{62FBD594-64B4-467A-A32C-96097F95CE60}"
EndProject
Project("{8BC9CEB8-8B4A-11D0-8D11-00A0C91BC942}") = "PlacedResource", "PlacedResource\PlacedResource.vcxproj", "{6EDED2AA-9C53-4726-A1FB-E1D5989DFC05}"
EndProject
Project("{8BC9CEB8-8B4A-11D0-8D11-00A0C91BC942}") = "HLSL2021", "HLSL2021\HLSL2021.vcxproj", "{08AF45F6-DE76-4B79-8D9D-FCF2283F5402}"
EndProject
Project("{8BC9CEB8-8B4A-11D0-8D11-00A0C91BC942}") = "EnhancedBarriers", "EnhancedBarriers\EnhancedBarriers.vcxproj", "{B47FD08E-ED1F-4810-994F-912079535D2C}"
EndProject
Project("{8BC9CEB8-8B4A-11D0-8D11-00A0C91BC942}") = "EnhancedBarriersAsyncCompute", "EnhancedBarriersAsyncCompute\EnhancedBarriersAsyncCompute.vcxproj", "{DC22A10E-AA55-4FDD-B1D2-81DA5BD5551E}"
EndProject
Project("{8BC9CEB8-8B4A-11D0-8D11-00A0C91BC942}") = "EnhancedBarriersTiledRenderTarget", "EnhancedBarriersTiledRenderTarget\EnhancedBarriersTiledRenderTarget.vcxproj", "{A54750F3-9C70-4B18-BB44-37B200EBABBD}"
EndProject
Global
	GlobalSection(SolutionConfigurationPlatforms) = preSolution
		Debug|x64 = Debug|x64
		Debug|x86 = Debug|x86
		Release|x64 = Release|x64
		Release|x86 = Release|x86
	EndGlobalSection
	GlobalSection(ProjectConfigurationPlatforms) = postSolution
		{2D327C54-F29E-4916-8D1F-3E00CAFFC3A0}.Debug|x64.ActiveCfg = Debug|x64
		{2D327C54-F29E-4916-8D1F-3E00CAFFC3A0}.Debug|x64.Build.0 = Debug|x64
		{2D327C54-F29E-4916-8D1F-3E00CAFFC3A0}.Debug|x86.ActiveCfg = Debug|x64
		{2D327C54-F29E-4916-8D1F-3E00CAFFC3A0}.Release|x64.ActiveCfg = Release|x64
		{2D327C54-F29E-4916-8D1F-3E00CAFFC3A0}.Release|x64.Build.0 = Release|x64
		{2D327C54-F29E-4916-8D1F-3E00CAFFC3A0}.Release|x86.ActiveCfg = Release|x64
		{68A186B8-B819-4A9C-8682-6A35D067DA8C}.Debug|x64.ActiveCfg = Debug|x64
		{68A186B8-B819-4A9C-8682-6A35D067DA8C}.Debug|x64.Build.0 = Debug|x64
		{68A186B8-B819-4A9C-8682-6A35D067DA8C}.Debug|x86.ActiveCfg = Debug|x64
		{68A186B8-B819-4A9C-8682-6A35D067DA8C}.Release|x64.ActiveCfg = Release|x64
		{68A186B8-B819-4A9C-8682-6A35D067DA8C}.Release|x64.Build.0 = Release|x64
		{68A186B8-B819-4A9C-8682-6A35D067DA8C}.Release|x86.ActiveCfg = Release|x64
		{100EB08E-1CDB-49BA-BC26-5AB01F999857}.Debug|x64.ActiveCfg = Debug|x64
		{100EB08E-1CDB-49BA-BC26-5AB01F999857}.Debug|x64.Build.0 = Debug|x64
		{100EB08E-1CDB-49BA-BC26-5AB01F999857}.Debug|x86.ActiveCfg = Debug|x64
		{100EB08E-1CDB-49BA-BC26-5AB01F999857}.Release|x64.ActiveCfg = Release|x64
		{100EB08E-1CDB-49BA-BC26-5AB01F999857}.Release|x64.Build.0 = Release|x64
		{100EB08E-1CDB-49BA-BC26-5AB01F999857}.Release|x86.ActiveCfg = Release|x64
		{DBEC61ED-B7F3-4DBC-A448-EB844D674892}.Debug|x64.ActiveCfg = Debug|x64
		{DBEC61ED-B7F3-4DBC-A448-EB844D674892}.Debug|x64.Build.0 = Debug|x64
		{DBEC61ED-B7F3-4DBC-A448-EB844D674892}.Debug|x86.ActiveCfg = Debug|x64
		{DBEC61ED-B7F3-4DBC-A448-EB844D674892}.Release|x64.ActiveCfg = Release|x64
		{DBEC61ED-B7F3-4DBC-A448-EB844D674892}.Release|x64.Build.0 = Release|x64
		{DBEC61ED-B7F3-4DBC-A448-EB844D674892}.Release|x86.ActiveCfg = Release|x64
		{42E13997-6EAF-497E-9169-0193EB28C88B}.Debug|x64.ActiveCfg = Debug|x64
		{42E13997-6EAF-497E-9169-0193EB28C88B}.Debug|x64.Build.0 = Debug|x64
		{42E13997-6EAF-497E-9169-0193EB28C88B}.Debug|x86.ActiveCfg = Debug|x64
		{42E13997-6EAF-497E-9169-0193EB28C88B}.Release|x64.ActiveCfg = Release|x64
		{42E13997-6EAF-497E-9169-0193EB28C88B}.Release|x64.Build.0 = Release|x64
		{42E13997-6EAF-497E-9169-0193EB28C88B}.Release|x86.ActiveCfg = Release|x64
		{57BDBF27-C768-4984-8967-9940B3CAC29E}.Debug|x64.ActiveCfg = Debug|x64
		{57BDBF27-C768-4984-8967-9940B3CAC29E}.Debug|x64.Build.0 = Debug|x64
		{57BDBF27-C768-4984-8967-9940B3CAC29E}.Debug|x86.ActiveCfg = Debug|x64
		{57BDBF27-C768-4984-8967-9940B3CAC29E}.Release|x64.ActiveCfg = Release|x64
		{57BDBF27-C768-4984-8967-9940B3CAC29E}.Release|x64.Build.0 = Release|x64
		{57BDBF27-C768-4984-8967-9940B3CAC29E}.Release|x86.ActiveCfg = Release|x64
		{62FBD594-64B4-467A-A32C-96097F95CE60}.Debug|x64.ActiveCfg = Debug|x64
		{62FBD594-64B4-467A-A32C-96097F95CE60}.Debug|x64.Build.0 = Debug|x64
		{62FBD594-64B4-467A-A32C-96097F95CE60}.Debug|x86.ActiveCfg = Debug|x64
		{62FBD594-64B4-467A-A32C-96097F95CE60}.Release|x64.ActiveCfg = Release|x64
		{62FBD594-64B4-467A-A32C-96097F95CE60}.Release|x64.Build.0 = Release|x64
		{62FBD594-64B4-467A-A32C-96097F95CE60}.Release|x86.ActiveCfg = Release|x64
		{6EDED2AA-9C53-4726-A1FB-E1D5989DFC05}.Debug|x64.ActiveCfg = Debug|x64
		{6EDED2AA-9C53-4726-A1FB-E1D5989DFC05}.Debug|x64.Build.0 = Debug|x64
		{6EDED2AA-9C53-4726-A1FB-E1D5989DFC05}.Debug|x86.ActiveCfg = Debug|x64
		{6EDED2AA-9C53-4726-A1FB-E1D5989DFC05}.Release|x64.ActiveCfg = Release|x64
		{6EDED2AA-9C53-4726-A1FB-E1D5989DFC05}.Release|x64.Build.0 = Release|x64
		{6EDED2AA-9C53-4726-A1FB-E1D5989DFC05}.Release|x86.ActiveCfg = Release|x64
		{08AF45F6-DE76-4B79-8D9D-FCF2283F5402}.Debug|x64.ActiveCfg = Debug|x64
		{08AF45F6-DE76-4B79-8D9D-FCF2283F5402}.Debug|x64.Build.0 = Debug|x64
		{08AF45F6-DE76-4B79-8D9D-FCF2283F5402}.Debug|x86.ActiveCfg = Debug|x64
		{08AF45F6-DE76-4B79-8D9D-FCF2283F5402}.Release|x64.ActiveCfg = Release|x64
		{08AF45F6-DE76-4B79-8D9D-FCF2283F5402}.Release|x64.Build.0 = Release|x64
		{08AF45F6-DE76-4B79-8D9D-FCF2283F5402}.Release|x86.ActiveCfg = Release|x64
		{B47FD08E-ED1F-4810-994F-912079535D2C}.Debug|x64.ActiveCfg = Debug|x64
		{B47FD08E-ED1F-4810-994F-912079535D2C}.Debug|x64.Build.0 = Debug|x64
		{B47FD08E-ED1F-4810-994F-912079535D2C}.Debug|x86.ActiveCfg = Debug|x64
		{B47FD08E-ED1F-4810-994F-912079535D2C}.Release|x64.ActiveCfg = Release|x64
		{B47FD08E-ED1F-4810-994F-912079535D2C}.Release|x64.Build.0 = Release|x64
		{B47FD08E-ED1F-4810-994F-912079535D2C}.Release|x86.ActiveCfg = Release|x64
		{DC22A10E-AA55-4FDD-B1D2-81DA5BD5551E}.Debug|x64.ActiveCfg = Debug|x64
		{DC22A10E-AA55-4FDD-B1D2-81DA5BD5551E}.Debug|x64.Build.0 = Debug|x64
		{DC22A10E-AA55-4FDD-B1D2-81DA5BD5551E}.Debug|x86.ActiveCfg = Debug|x64
		{DC22A10E-AA55-4FDD-B1D2-81DA5BD5551E}.Release|x64.ActiveCfg = Release|x64
		{DC22A10E-AA55-4FDD-B1D2-81DA5BD5551E}.Release|x64.Build.0 = Release|x64
		{DC22A10E-AA55-4FDD-B1D2-81DA5BD5551E}.Release|x86.ActiveCfg = Release|x64
		{A54750F3-9C70-4B18-BB44-37B200EBABBD}.Debug|x64.ActiveCfg = Debug|x64
		{A54750F3-9C70-4B18-BB44-37B200EBABBD}.Debug|x64.Build.0 = Debug|x64
		{A54750F3-9C70-4B18-BB44-37B200EBABBD}.Debug|x86.ActiveCfg = Debug|x64
		{A54750F3-9C70-4B18-BB44-37B200EBABBD}.Release|x64.ActiveCfg = Release|x64
		{A54750F3-9C70-4B18-BB44-37B200EBABBD}.Release|x64.Build.0 = Release|x64
		{A54750F3-9C70-4B18-BB44-37B200EBABBD}.Release|x86.ActiveCfg = Release|x64
	EndGlobalSection
	GlobalSection(SolutionProperties) = preSolution
		HideSolutionNode = FALSE
	EndGlobalSection
	GlobalSection(ExtensibilityGlobals) = postSolution
		SolutionGuid = {FFF3EA2E-84CE-4614-AD95-9E3D5B151A74}
	EndGlobalSection
EndGlobal
